#MicroXplorer Configuration settings - do not modify
Mcu.Family=STM32F1
VP_RTC_VS_RTC_Activate.Signal=RTC_VS_RTC_Activate
NVIC.SysTick_IRQn=true\:0\:0\:false\:false\:true\:false\:true
ProjectManager.LastFirmware=true
RCC.PLLMUL=RCC_PLL_MUL16
ProjectManager.MainLocation=Src
RCC.MCOFreq_Value=64000000
ProjectManager.FirmwarePackage=STM32Cube FW_F1 V1.8.3
MxDb.Version=DB.6.0.10
ProjectManager.ProjectFileName=template.ioc
RCC.APB2Freq_Value=64000000
ProjectManager.BackupPrevious=false
MxCube.Version=6.1.1
ProjectManager.KeepUserCode=true
Mcu.UserName=STM32F103C8Tx
Mcu.PinsNb=3
ProjectManager.NoMain=false
File.Version=6
VP_SYS_VS_Systick.Mode=SysTick
VP_SYS_VS_ND.Signal=SYS_VS_ND
RCC.PLLCLKFreq_Value=64000000
NVIC.NonMaskableInt_IRQn=true\:0\:0\:false\:false\:true\:false\:false
NVIC.PendSV_IRQn=true\:0\:0\:false\:false\:true\:false\:false
ProjectManager.functionlistsort=1-SystemClock_Config-RCC-false-HAL-false,2-MX_RTC_Init-RTC-false-HAL-true
VP_RTC_VS_RTC_Activate.Mode=RTC_Enabled
ProjectManager.FreePins=false
NVIC.RTC_Alarm_IRQn=true\:0\:0\:false\:false\:true\:true\:true
RCC.ADCFreqValue=32000000
RCC.IPParameters=ADCFreqValue,AHBFreq_Value,APB1CLKDivider,APB1Freq_Value,APB1TimFreq_Value,APB2Freq_Value,APB2TimFreq_Value,FCLKCortexFreq_Value,FamilyName,HCLKFreq_Value,MCOFreq_Value,PLLCLKFreq_Value,PLLMCOFreq_Value,PLLMUL,SYSCLKFreq_VALUE,SYSCLKSource,TimSysFreq_Value,USBFreq_Value
ProjectManager.DefaultFWLocation=true
ProjectManager.AskForMigrate=true
Mcu.Name=STM32F103C(8-B)Tx
ProjectManager.HalAssertFull=false
ProjectManager.DeletePrevious=true
ProjectManager.ProjectName=template
ProjectManager.UnderRoot=false
RCC.APB1CLKDivider=RCC_HCLK_DIV2
VP_SYS_VS_ND.Mode=No_Debug
RCC.PLLMCOFreq_Value=32000000
ProjectManager.CoupleFile=true
RCC.SYSCLKFreq_VALUE=64000000
PinOutPanel.RotationAngle=0
Mcu.Package=LQFP48
RCC.FamilyName=M
RCC.TimSysFreq_Value=64000000
RCC.SYSCLKSource=RCC_SYSCLKSOURCE_PLLCLK
ProjectManager.StackSize=0x400
NVIC.ForceEnableDMAVector=true
KeepUserPlacement=false
NVIC.MemoryManagement_IRQn=true\:0\:0\:false\:false\:true\:false\:false
RCC.FCLKCortexFreq_Value=64000000
ProjectManager.CompilerOptimize=6
NVIC.SVCall_IRQn=true\:0\:0\:false\:false\:true\:false\:false
Mcu.IP2=RTC
ProjectManager.ToolChainLocation=
Mcu.IP3=SYS
VP_SYS_VS_Systick.Signal=SYS_VS_Systick
Mcu.IP0=NVIC
Mcu.IP1=RCC
ProjectManager.HeapSize=0x200
NVIC.HardFault_IRQn=true\:0\:0\:false\:false\:true\:false\:false
Mcu.UserConstants=
ProjectManager.TargetToolchain=Other Toolchains (GPDSC)
ProjectManager.ComputerToolchain=false
Mcu.ThirdPartyNb=0
NVIC.PriorityGroup=NVIC_PRIORITYGROUP_4
RCC.HCLKFreq_Value=64000000
Mcu.IPNb=4
ProjectManager.PreviousToolchain=
RCC.APB2TimFreq_Value=64000000
RCC.APB1TimFreq_Value=64000000
NVIC.BusFault_IRQn=true\:0\:0\:false\:false\:true\:false\:false
ProjectManager.RegisterCallBack=
RCC.USBFreq_Value=64000000
RCC.APB1Freq_Value=32000000
RCC.AHBFreq_Value=64000000
Mcu.Pin0=VP_RTC_VS_RTC_Activate
Mcu.Pin1=VP_SYS_VS_ND
GPIO.groupedBy=
Mcu.Pin2=VP_SYS_VS_Systick
ProjectManager.CustomerFirmwarePackage=
ProjectManager.DeviceId=STM32F103C8Tx
ProjectManager.LibraryCopy=0
ProjectManager.ProjectBuild=false
NVIC.UsageFault_IRQn=true\:0\:0\:false\:false\:true\:false\:false
NVIC.DebugMonitor_IRQn=true\:0\:0\:false\:false\:true\:false\:false
board=custom
